
Microsoft Visual Studio Solution File, Format Version 12.00
# Visual Studio Version 17
VisualStudioVersion = 17.11.35208.52
MinimumVisualStudioVersion = 10.0.40219.1
Project("{FAE04EC0-301F-11D3-BF4B-00C04F79EFBC}") = "Week 1 Practical", "Week 1 Practical\Week 1 Practical.csproj", "{B21FFDAA-C975-49F3-8D5D-591377F4AF03}"
EndProject
Global
	GlobalSection(SolutionConfigurationPlatforms) = preSolution
		Debug|Any CPU = Debug|Any CPU
		Release|Any CPU = Release|Any CPU
	EndGlobalSection
	GlobalSection(ProjectConfigurationPlatforms) = postSolution
		{B21FFDAA-C975-49F3-8D5D-591377F4AF03}.Debug|Any CPU.ActiveCfg = Debug|Any CPU
		{B21FFDAA-C975-49F3-8D5D-591377F4AF03}.Debug|Any CPU.Build.0 = Debug|Any CPU
		{B21FFDAA-C975-49F3-8D5D-591377F4AF03}.Release|Any CPU.ActiveCfg = Release|Any CPU
		{B21FFDAA-C975-49F3-8D5D-591377F4AF03}.Release|Any CPU.Build.0 = Release|Any CPU
	EndGlobalSection
	GlobalSection(SolutionProperties) = preSolution
		HideSolutionNode = FALSE
	EndGlobalSection
	GlobalSection(ExtensibilityGlobals) = postSolution
		SolutionGuid = {FB6AE037-6245-4D12-9BD3-F895BE047910}
	EndGlobalSection
EndGlobal
